
Microsoft Visual Studio Solution File, Format Version 12.00
# Visual Studio Version 16
VisualStudioVersion = 16.0.30114.105
MinimumVisualStudioVersion = 10.0.40219.1
Project("{FAE04EC0-301F-11D3-BF4B-00C04F79EFBC}") = "MarkDigTest", "MarkDigTest\MarkDigTest.csproj", "{7338574D-DDF0-49EA-BC89-6EC395A03A31}"
EndProject
Global
	GlobalSection(SolutionConfigurationPlatforms) = preSolution
		Debug|Any CPU = Debug|Any CPU
		Release|Any CPU = Release|Any CPU
	EndGlobalSection
	GlobalSection(ProjectConfigurationPlatforms) = postSolution
		{7338574D-DDF0-49EA-BC89-6EC395A03A31}.Debug|Any CPU.ActiveCfg = Debug|Any CPU
		{7338574D-DDF0-49EA-BC89-6EC395A03A31}.Debug|Any CPU.Build.0 = Debug|Any CPU
		{7338574D-DDF0-49EA-BC89-6EC395A03A31}.Release|Any CPU.ActiveCfg = Release|Any CPU
		{7338574D-DDF0-49EA-BC89-6EC395A03A31}.Release|Any CPU.Build.0 = Release|Any CPU
	EndGlobalSection
	GlobalSection(SolutionProperties) = preSolution
		HideSolutionNode = FALSE
	EndGlobalSection
	GlobalSection(ExtensibilityGlobals) = postSolution
		SolutionGuid = {65E5D36E-81EA-4236-BA57-5D9B08B77468}
	EndGlobalSection
EndGlobal
